
Microsoft Visual Studio Solution File, Format Version 12.00
# Visual Studio Version 17
VisualStudioVersion = 17.3.32819.101
MinimumVisualStudioVersion = 10.0.40219.1
Project("{FAE04EC0-301F-11D3-BF4B-00C04F79EFBC}") = "Toolbox_Usage", "Arac_Kullanimi1\Toolbox_Usage.csproj", "{8BAC4EC4-FD6A-4DBA-A7B9-C26C7201D8AD}"
EndProject
Global
	GlobalSection(SolutionConfigurationPlatforms) = preSolution
		Debug|Any CPU = Debug|Any CPU
		Release|Any CPU = Release|Any CPU
	EndGlobalSection
	GlobalSection(ProjectConfigurationPlatforms) = postSolution
		{8BAC4EC4-FD6A-4DBA-A7B9-C26C7201D8AD}.Debug|Any CPU.ActiveCfg = Debug|Any CPU
		{8BAC4EC4-FD6A-4DBA-A7B9-C26C7201D8AD}.Debug|Any CPU.Build.0 = Debug|Any CPU
		{8BAC4EC4-FD6A-4DBA-A7B9-C26C7201D8AD}.Release|Any CPU.ActiveCfg = Release|Any CPU
		{8BAC4EC4-FD6A-4DBA-A7B9-C26C7201D8AD}.Release|Any CPU.Build.0 = Release|Any CPU
	EndGlobalSection
	GlobalSection(SolutionProperties) = preSolution
		HideSolutionNode = FALSE
	EndGlobalSection
	GlobalSection(ExtensibilityGlobals) = postSolution
		SolutionGuid = {739DD521-A5F8-43B6-BF1F-D0DA949214D1}
	EndGlobalSection
EndGlobal
